
Microsoft Visual Studio Solution File, Format Version 12.00
# Visual Studio Version 17
VisualStudioVersion = 17.1.32210.238
MinimumVisualStudioVersion = 10.0.40219.1
Project("{9A19103F-16F7-4668-BE54-9A1E7A4F7556}") = "Catalog.API", "Services\Catalog\Catalog.API\Catalog.API.csproj", "{36218D06-8D8D-4322-9E0F-4703370EFC77}"
EndProject
Project("{2150E333-8FDC-42A3-9474-1A3956D46DE8}") = "Services", "Services", "{86C00C65-696C-4DA8-A8ED-3EDAF750FF35}"
EndProject
Project("{2150E333-8FDC-42A3-9474-1A3956D46DE8}") = "Catalog", "Catalog", "{7C6F1218-60AB-474B-A689-A84BB5250174}"
EndProject
Project("{E53339B2-1760-4266-BCC7-CA923CBCF16C}") = "docker-compose", "docker-compose.dcproj", "{F4FA1116-082F-4928-B184-594DE2E6760B}"
EndProject
Project("{2150E333-8FDC-42A3-9474-1A3956D46DE8}") = "Basket", "Basket", "{1B21FF57-2282-4432-9183-3EE1C638EBDB}"
EndProject
Project("{9A19103F-16F7-4668-BE54-9A1E7A4F7556}") = "Basket.API", "Services\Basket\Basket.API\Basket.API.csproj", "{F3396F5E-179C-4B0A-BFF9-7E4A163EA0E1}"
EndProject
Project("{2150E333-8FDC-42A3-9474-1A3956D46DE8}") = "Discount", "Discount", "{1A2F71B4-F64B-4E08-AAAE-A7CA8D8789CC}"
EndProject
Project("{9A19103F-16F7-4668-BE54-9A1E7A4F7556}") = "Discount.API", "Services\Discount\Discount.API\Discount.API.csproj", "{A9F3A2F5-D3B3-4C52-86DF-CA827A846228}"
EndProject
Project("{9A19103F-16F7-4668-BE54-9A1E7A4F7556}") = "Discount.Grpc", "Services\Discount\Discount.Grpc\Discount.Grpc.csproj", "{0F337DA4-8671-4B19-9FED-5024ACE81337}"
EndProject
Project("{2150E333-8FDC-42A3-9474-1A3956D46DE8}") = "Ordering", "Ordering", "{20BEBA3A-2F30-41D4-B43B-A67D16345CD8}"
EndProject
Project("{FAE04EC0-301F-11D3-BF4B-00C04F79EFBC}") = "Ordering.API", "Services\Ordering\Ordering.API\Ordering.API.csproj", "{4908C652-67A8-4102-AAD8-214A009F496A}"
EndProject
Project("{FAE04EC0-301F-11D3-BF4B-00C04F79EFBC}") = "Ordering.Domain", "Services\Ordering\Ordering.Domain\Ordering.Domain.csproj", "{320276D6-BD6C-4E44-B75F-16F56650E6BD}"
EndProject
Project("{FAE04EC0-301F-11D3-BF4B-00C04F79EFBC}") = "Ordering.Application", "Services\Ordering\Ordering.Application\Ordering.Application.csproj", "{FB5EA7E0-76C6-4B98-BC95-C0B3F4B64B39}"
EndProject
Project("{FAE04EC0-301F-11D3-BF4B-00C04F79EFBC}") = "Ordering.Infrastructure", "Services\Ordering\Ordering.Infrastructure\Ordering.Infrastructure.csproj", "{07C11A9F-D51D-42EA-8FF2-D692239D3385}"
EndProject
Global
	GlobalSection(SolutionConfigurationPlatforms) = preSolution
		Debug|Any CPU = Debug|Any CPU
		Release|Any CPU = Release|Any CPU
	EndGlobalSection
	GlobalSection(ProjectConfigurationPlatforms) = postSolution
		{36218D06-8D8D-4322-9E0F-4703370EFC77}.Debug|Any CPU.ActiveCfg = Debug|Any CPU
		{36218D06-8D8D-4322-9E0F-4703370EFC77}.Debug|Any CPU.Build.0 = Debug|Any CPU
		{36218D06-8D8D-4322-9E0F-4703370EFC77}.Release|Any CPU.ActiveCfg = Release|Any CPU
		{36218D06-8D8D-4322-9E0F-4703370EFC77}.Release|Any CPU.Build.0 = Release|Any CPU
		{F4FA1116-082F-4928-B184-594DE2E6760B}.Debug|Any CPU.ActiveCfg = Debug|Any CPU
		{F4FA1116-082F-4928-B184-594DE2E6760B}.Debug|Any CPU.Build.0 = Debug|Any CPU
		{F4FA1116-082F-4928-B184-594DE2E6760B}.Release|Any CPU.ActiveCfg = Release|Any CPU
		{F4FA1116-082F-4928-B184-594DE2E6760B}.Release|Any CPU.Build.0 = Release|Any CPU
		{F3396F5E-179C-4B0A-BFF9-7E4A163EA0E1}.Debug|Any CPU.ActiveCfg = Debug|Any CPU
		{F3396F5E-179C-4B0A-BFF9-7E4A163EA0E1}.Debug|Any CPU.Build.0 = Debug|Any CPU
		{F3396F5E-179C-4B0A-BFF9-7E4A163EA0E1}.Release|Any CPU.ActiveCfg = Release|Any CPU
		{F3396F5E-179C-4B0A-BFF9-7E4A163EA0E1}.Release|Any CPU.Build.0 = Release|Any CPU
		{A9F3A2F5-D3B3-4C52-86DF-CA827A846228}.Debug|Any CPU.ActiveCfg = Debug|Any CPU
		{A9F3A2F5-D3B3-4C52-86DF-CA827A846228}.Debug|Any CPU.Build.0 = Debug|Any CPU
		{A9F3A2F5-D3B3-4C52-86DF-CA827A846228}.Release|Any CPU.ActiveCfg = Release|Any CPU
		{A9F3A2F5-D3B3-4C52-86DF-CA827A846228}.Release|Any CPU.Build.0 = Release|Any CPU
		{0F337DA4-8671-4B19-9FED-5024ACE81337}.Debug|Any CPU.ActiveCfg = Debug|Any CPU
		{0F337DA4-8671-4B19-9FED-5024ACE81337}.Debug|Any CPU.Build.0 = Debug|Any CPU
		{0F337DA4-8671-4B19-9FED-5024ACE81337}.Release|Any CPU.ActiveCfg = Release|Any CPU
		{0F337DA4-8671-4B19-9FED-5024ACE81337}.Release|Any CPU.Build.0 = Release|Any CPU
		{4908C652-67A8-4102-AAD8-214A009F496A}.Debug|Any CPU.ActiveCfg = Debug|Any CPU
		{4908C652-67A8-4102-AAD8-214A009F496A}.Debug|Any CPU.Build.0 = Debug|Any CPU
		{4908C652-67A8-4102-AAD8-214A009F496A}.Release|Any CPU.ActiveCfg = Release|Any CPU
		{4908C652-67A8-4102-AAD8-214A009F496A}.Release|Any CPU.Build.0 = Release|Any CPU
		{320276D6-BD6C-4E44-B75F-16F56650E6BD}.Debug|Any CPU.ActiveCfg = Debug|Any CPU
		{320276D6-BD6C-4E44-B75F-16F56650E6BD}.Debug|Any CPU.Build.0 = Debug|Any CPU
		{320276D6-BD6C-4E44-B75F-16F56650E6BD}.Release|Any CPU.ActiveCfg = Release|Any CPU
		{320276D6-BD6C-4E44-B75F-16F56650E6BD}.Release|Any CPU.Build.0 = Release|Any CPU
		{FB5EA7E0-76C6-4B98-BC95-C0B3F4B64B39}.Debug|Any CPU.ActiveCfg = Debug|Any CPU
		{FB5EA7E0-76C6-4B98-BC95-C0B3F4B64B39}.Debug|Any CPU.Build.0 = Debug|Any CPU
		{FB5EA7E0-76C6-4B98-BC95-C0B3F4B64B39}.Release|Any CPU.ActiveCfg = Release|Any CPU
		{FB5EA7E0-76C6-4B98-BC95-C0B3F4B64B39}.Release|Any CPU.Build.0 = Release|Any CPU
		{07C11A9F-D51D-42EA-8FF2-D692239D3385}.Debug|Any CPU.ActiveCfg = Debug|Any CPU
		{07C11A9F-D51D-42EA-8FF2-D692239D3385}.Debug|Any CPU.Build.0 = Debug|Any CPU
		{07C11A9F-D51D-42EA-8FF2-D692239D3385}.Release|Any CPU.ActiveCfg = Release|Any CPU
		{07C11A9F-D51D-42EA-8FF2-D692239D3385}.Release|Any CPU.Build.0 = Release|Any CPU
	EndGlobalSection
	GlobalSection(SolutionProperties) = preSolution
		HideSolutionNode = FALSE
	EndGlobalSection
	GlobalSection(NestedProjects) = preSolution
		{36218D06-8D8D-4322-9E0F-4703370EFC77} = {7C6F1218-60AB-474B-A689-A84BB5250174}
		{7C6F1218-60AB-474B-A689-A84BB5250174} = {86C00C65-696C-4DA8-A8ED-3EDAF750FF35}
		{1B21FF57-2282-4432-9183-3EE1C638EBDB} = {86C00C65-696C-4DA8-A8ED-3EDAF750FF35}
		{F3396F5E-179C-4B0A-BFF9-7E4A163EA0E1} = {1B21FF57-2282-4432-9183-3EE1C638EBDB}
		{1A2F71B4-F64B-4E08-AAAE-A7CA8D8789CC} = {86C00C65-696C-4DA8-A8ED-3EDAF750FF35}
		{A9F3A2F5-D3B3-4C52-86DF-CA827A846228} = {1A2F71B4-F64B-4E08-AAAE-A7CA8D8789CC}
		{0F337DA4-8671-4B19-9FED-5024ACE81337} = {1A2F71B4-F64B-4E08-AAAE-A7CA8D8789CC}
		{20BEBA3A-2F30-41D4-B43B-A67D16345CD8} = {86C00C65-696C-4DA8-A8ED-3EDAF750FF35}
		{4908C652-67A8-4102-AAD8-214A009F496A} = {20BEBA3A-2F30-41D4-B43B-A67D16345CD8}
		{320276D6-BD6C-4E44-B75F-16F56650E6BD} = {20BEBA3A-2F30-41D4-B43B-A67D16345CD8}
		{FB5EA7E0-76C6-4B98-BC95-C0B3F4B64B39} = {20BEBA3A-2F30-41D4-B43B-A67D16345CD8}
		{07C11A9F-D51D-42EA-8FF2-D692239D3385} = {20BEBA3A-2F30-41D4-B43B-A67D16345CD8}
	EndGlobalSection
	GlobalSection(ExtensibilityGlobals) = postSolution
		SolutionGuid = {5EB3FEE5-8909-4493-9341-827CE7C37A95}
	EndGlobalSection
EndGlobal
